
Microsoft Visual Studio Solution File, Format Version 12.00
# Visual Studio Version 17
VisualStudioVersion = 17.3.32929.385
MinimumVisualStudioVersion = 10.0.40219.1
Project("{2150E333-8FDC-42A3-9474-1A3956D46DE8}") = "src", "src", "{0334F548-6BC2-4859-BAAC-12E4F8281A7E}"
EndProject
Project("{9A19103F-16F7-4668-BE54-9A1E7A4F7556}") = "SchoolProject.API", "src\SchoolProject.API\SchoolProject.API.csproj", "{4AE7201C-71B2-44B1-846F-ED18D60ADF4C}"
EndProject
Project("{2150E333-8FDC-42A3-9474-1A3956D46DE8}") = "BusinessLogic", "BusinessLogic", "{DC173792-965B-4E37-A563-9F02DE3FC8BB}"
EndProject
Project("{2150E333-8FDC-42A3-9474-1A3956D46DE8}") = "Models", "Models", "{04101ABD-437F-48A9-AE9C-273D77701396}"
EndProject
Project("{2150E333-8FDC-42A3-9474-1A3956D46DE8}") = "Repositories", "Repositories", "{F31216D0-2079-476C-A2E6-25558E6691C3}"
EndProject
Project("{2150E333-8FDC-42A3-9474-1A3956D46DE8}") = "Resources", "Resources", "{6C13D5D9-BE49-40EA-AA56-34AE531622E0}"
EndProject
Project("{2150E333-8FDC-42A3-9474-1A3956D46DE8}") = "Services", "Services", "{65390AFE-C641-4B84-9CB7-74A1CEF52E54}"
EndProject
Project("{2150E333-8FDC-42A3-9474-1A3956D46DE8}") = "WebApi", "WebApi", "{B52FC28E-A7BF-4D2F-8306-2F17F932713D}"
EndProject
Project("{FAE04EC0-301F-11D3-BF4B-00C04F79EFBC}") = "School.BusinessLogic", "src\School.BusinessLogic\School.BusinessLogic.csproj", "{240D7325-B9F5-400C-93DC-BA7AD95A3293}"
EndProject
Project("{FAE04EC0-301F-11D3-BF4B-00C04F79EFBC}") = "School.BusinessLogic.Interfaces", "src\School.BusinessLogic.Interfaces\School.BusinessLogic.Interfaces.csproj", "{B25D2A2D-C78E-4E0F-B4AE-F90EB4E11B65}"
EndProject
Project("{FAE04EC0-301F-11D3-BF4B-00C04F79EFBC}") = "School.BusinessModel", "src\School.BusinessModel\School.BusinessModel.csproj", "{5E7E6FB6-96BB-4E6B-A92A-726D80FFDD69}"
EndProject
Project("{FAE04EC0-301F-11D3-BF4B-00C04F79EFBC}") = "School.DataModel", "src\School.DataModel\School.DataModel.csproj", "{47E32A9E-BA04-47AB-B6E6-A7A34189FF9C}"
EndProject
Project("{FAE04EC0-301F-11D3-BF4B-00C04F79EFBC}") = "School.Mapper", "src\School.Mapper\School.Mapper.csproj", "{77F19286-C2BA-48FA-84B1-C746CE4B38AD}"
EndProject
Project("{FAE04EC0-301F-11D3-BF4B-00C04F79EFBC}") = "School.Resources", "src\School.Resources\School.Resources.csproj", "{9BB30FA8-700F-4BAB-887D-E8136235A901}"
EndProject
Project("{FAE04EC0-301F-11D3-BF4B-00C04F79EFBC}") = "School.Services", "src\School.Services\School.Services.csproj", "{A5B85655-A782-41E3-9314-D0F1538BC35D}"
EndProject
Project("{FAE04EC0-301F-11D3-BF4B-00C04F79EFBC}") = "School.Services.Interfaces", "src\School.Services.Interfaces\School.Services.Interfaces.csproj", "{8085C869-71FB-41E5-BD6D-208F2D92FF1A}"
EndProject
Project("{FAE04EC0-301F-11D3-BF4B-00C04F79EFBC}") = "School.DependencyInjection", "src\School.DependencyInjection\School.DependencyInjection.csproj", "{99725404-E9D2-481E-8898-2ADE79FC7FC9}"
EndProject
Global
	GlobalSection(SolutionConfigurationPlatforms) = preSolution
		Debug|Any CPU = Debug|Any CPU
		Release|Any CPU = Release|Any CPU
	EndGlobalSection
	GlobalSection(ProjectConfigurationPlatforms) = postSolution
		{4AE7201C-71B2-44B1-846F-ED18D60ADF4C}.Debug|Any CPU.ActiveCfg = Debug|Any CPU
		{4AE7201C-71B2-44B1-846F-ED18D60ADF4C}.Debug|Any CPU.Build.0 = Debug|Any CPU
		{4AE7201C-71B2-44B1-846F-ED18D60ADF4C}.Release|Any CPU.ActiveCfg = Release|Any CPU
		{4AE7201C-71B2-44B1-846F-ED18D60ADF4C}.Release|Any CPU.Build.0 = Release|Any CPU
		{240D7325-B9F5-400C-93DC-BA7AD95A3293}.Debug|Any CPU.ActiveCfg = Debug|Any CPU
		{240D7325-B9F5-400C-93DC-BA7AD95A3293}.Debug|Any CPU.Build.0 = Debug|Any CPU
		{240D7325-B9F5-400C-93DC-BA7AD95A3293}.Release|Any CPU.ActiveCfg = Release|Any CPU
		{240D7325-B9F5-400C-93DC-BA7AD95A3293}.Release|Any CPU.Build.0 = Release|Any CPU
		{B25D2A2D-C78E-4E0F-B4AE-F90EB4E11B65}.Debug|Any CPU.ActiveCfg = Debug|Any CPU
		{B25D2A2D-C78E-4E0F-B4AE-F90EB4E11B65}.Debug|Any CPU.Build.0 = Debug|Any CPU
		{B25D2A2D-C78E-4E0F-B4AE-F90EB4E11B65}.Release|Any CPU.ActiveCfg = Release|Any CPU
		{B25D2A2D-C78E-4E0F-B4AE-F90EB4E11B65}.Release|Any CPU.Build.0 = Release|Any CPU
		{5E7E6FB6-96BB-4E6B-A92A-726D80FFDD69}.Debug|Any CPU.ActiveCfg = Debug|Any CPU
		{5E7E6FB6-96BB-4E6B-A92A-726D80FFDD69}.Debug|Any CPU.Build.0 = Debug|Any CPU
		{5E7E6FB6-96BB-4E6B-A92A-726D80FFDD69}.Release|Any CPU.ActiveCfg = Release|Any CPU
		{5E7E6FB6-96BB-4E6B-A92A-726D80FFDD69}.Release|Any CPU.Build.0 = Release|Any CPU
		{47E32A9E-BA04-47AB-B6E6-A7A34189FF9C}.Debug|Any CPU.ActiveCfg = Debug|Any CPU
		{47E32A9E-BA04-47AB-B6E6-A7A34189FF9C}.Debug|Any CPU.Build.0 = Debug|Any CPU
		{47E32A9E-BA04-47AB-B6E6-A7A34189FF9C}.Release|Any CPU.ActiveCfg = Release|Any CPU
		{47E32A9E-BA04-47AB-B6E6-A7A34189FF9C}.Release|Any CPU.Build.0 = Release|Any CPU
		{77F19286-C2BA-48FA-84B1-C746CE4B38AD}.Debug|Any CPU.ActiveCfg = Debug|Any CPU
		{77F19286-C2BA-48FA-84B1-C746CE4B38AD}.Debug|Any CPU.Build.0 = Debug|Any CPU
		{77F19286-C2BA-48FA-84B1-C746CE4B38AD}.Release|Any CPU.ActiveCfg = Release|Any CPU
		{77F19286-C2BA-48FA-84B1-C746CE4B38AD}.Release|Any CPU.Build.0 = Release|Any CPU
		{9BB30FA8-700F-4BAB-887D-E8136235A901}.Debug|Any CPU.ActiveCfg = Debug|Any CPU
		{9BB30FA8-700F-4BAB-887D-E8136235A901}.Debug|Any CPU.Build.0 = Debug|Any CPU
		{9BB30FA8-700F-4BAB-887D-E8136235A901}.Release|Any CPU.ActiveCfg = Release|Any CPU
		{9BB30FA8-700F-4BAB-887D-E8136235A901}.Release|Any CPU.Build.0 = Release|Any CPU
		{A5B85655-A782-41E3-9314-D0F1538BC35D}.Debug|Any CPU.ActiveCfg = Debug|Any CPU
		{A5B85655-A782-41E3-9314-D0F1538BC35D}.Debug|Any CPU.Build.0 = Debug|Any CPU
		{A5B85655-A782-41E3-9314-D0F1538BC35D}.Release|Any CPU.ActiveCfg = Release|Any CPU
		{A5B85655-A782-41E3-9314-D0F1538BC35D}.Release|Any CPU.Build.0 = Release|Any CPU
		{8085C869-71FB-41E5-BD6D-208F2D92FF1A}.Debug|Any CPU.ActiveCfg = Debug|Any CPU
		{8085C869-71FB-41E5-BD6D-208F2D92FF1A}.Debug|Any CPU.Build.0 = Debug|Any CPU
		{8085C869-71FB-41E5-BD6D-208F2D92FF1A}.Release|Any CPU.ActiveCfg = Release|Any CPU
		{8085C869-71FB-41E5-BD6D-208F2D92FF1A}.Release|Any CPU.Build.0 = Release|Any CPU
		{99725404-E9D2-481E-8898-2ADE79FC7FC9}.Debug|Any CPU.ActiveCfg = Debug|Any CPU
		{99725404-E9D2-481E-8898-2ADE79FC7FC9}.Debug|Any CPU.Build.0 = Debug|Any CPU
		{99725404-E9D2-481E-8898-2ADE79FC7FC9}.Release|Any CPU.ActiveCfg = Release|Any CPU
		{99725404-E9D2-481E-8898-2ADE79FC7FC9}.Release|Any CPU.Build.0 = Release|Any CPU
	EndGlobalSection
	GlobalSection(SolutionProperties) = preSolution
		HideSolutionNode = FALSE
	EndGlobalSection
	GlobalSection(NestedProjects) = preSolution
		{4AE7201C-71B2-44B1-846F-ED18D60ADF4C} = {B52FC28E-A7BF-4D2F-8306-2F17F932713D}
		{DC173792-965B-4E37-A563-9F02DE3FC8BB} = {0334F548-6BC2-4859-BAAC-12E4F8281A7E}
		{04101ABD-437F-48A9-AE9C-273D77701396} = {0334F548-6BC2-4859-BAAC-12E4F8281A7E}
		{F31216D0-2079-476C-A2E6-25558E6691C3} = {0334F548-6BC2-4859-BAAC-12E4F8281A7E}
		{6C13D5D9-BE49-40EA-AA56-34AE531622E0} = {0334F548-6BC2-4859-BAAC-12E4F8281A7E}
		{65390AFE-C641-4B84-9CB7-74A1CEF52E54} = {0334F548-6BC2-4859-BAAC-12E4F8281A7E}
		{B52FC28E-A7BF-4D2F-8306-2F17F932713D} = {0334F548-6BC2-4859-BAAC-12E4F8281A7E}
		{240D7325-B9F5-400C-93DC-BA7AD95A3293} = {DC173792-965B-4E37-A563-9F02DE3FC8BB}
		{B25D2A2D-C78E-4E0F-B4AE-F90EB4E11B65} = {DC173792-965B-4E37-A563-9F02DE3FC8BB}
		{5E7E6FB6-96BB-4E6B-A92A-726D80FFDD69} = {04101ABD-437F-48A9-AE9C-273D77701396}
		{47E32A9E-BA04-47AB-B6E6-A7A34189FF9C} = {04101ABD-437F-48A9-AE9C-273D77701396}
		{77F19286-C2BA-48FA-84B1-C746CE4B38AD} = {04101ABD-437F-48A9-AE9C-273D77701396}
		{9BB30FA8-700F-4BAB-887D-E8136235A901} = {6C13D5D9-BE49-40EA-AA56-34AE531622E0}
		{A5B85655-A782-41E3-9314-D0F1538BC35D} = {65390AFE-C641-4B84-9CB7-74A1CEF52E54}
		{8085C869-71FB-41E5-BD6D-208F2D92FF1A} = {65390AFE-C641-4B84-9CB7-74A1CEF52E54}
		{99725404-E9D2-481E-8898-2ADE79FC7FC9} = {0334F548-6BC2-4859-BAAC-12E4F8281A7E}
	EndGlobalSection
	GlobalSection(ExtensibilityGlobals) = postSolution
		SolutionGuid = {EA4803A1-E115-431B-9AA4-5195CC25EC38}
	EndGlobalSection
EndGlobal
